PODS:
  - Alamofire (2.0.2)
  - Bolts/Tasks (1.2.2)
  - Google/Analytics (1.0.7):
    - Google/Core
    - GoogleAnalytics (~> 3.12)
  - Google/Core (1.0.7):
    - GoogleNetworkingUtilities (~> 1.0)
    - GoogleSymbolUtilities (~> 1.0)
    - GoogleUtilities (~> 1.0)
  - GoogleAnalytics (3.13.0)
  - GoogleNetworkingUtilities (1.0.0):
    - GoogleSymbolUtilities (~> 1.0)
  - GoogleSymbolUtilities (1.0.0)
  - GoogleUtilities (1.0.1):
    - GoogleSymbolUtilities (~> 1.0)
  - HTTPStatusCodes (2.0.0)
  - libPhoneNumber-iOS (0.8.7)
  - Locksmith (2.0.1)
  - NewRelicAgent (5.3.0)
  - Parse (1.8.5):
    - Bolts/Tasks (>= 1.2.2)
  - Reachability (3.2)
  - SDWebImage (3.7.3):
    - SDWebImage/Core (= 3.7.3)
  - SDWebImage/Core (3.7.3)
  - SevenSwitch (2.0.0)
  - SnapKit (0.15.0)
  - SVProgressHUD (1.1.3)
  - SwiftyJSON (2.3.0)
  - TTTAttributedLabel (1.13.4)

DEPENDENCIES:
  - Alamofire (~> 2.0)
  - Google/Analytics
  - HTTPStatusCodes
  - libPhoneNumber-iOS
  - Locksmith
  - NewRelicAgent
  - Parse
  - Reachability
  - SDWebImage
  - SevenSwitch (~> 2.0)
  - SnapKit
  - SVProgressHUD
  - SwiftyJSON (from `https://github.com/SwiftyJSON/SwiftyJSON`)
  - TTTAttributedLabel

EXTERNAL SOURCES:
  SwiftyJSON:
    :git: https://github.com/SwiftyJSON/SwiftyJSON

CHECKOUT OPTIONS:
  SwiftyJSON:
    :commit: 3b5d0d4e0c19173b1bf0dc823bde25ad870f70c0
    :git: https://github.com/SwiftyJSON/SwiftyJSON

SPEC CHECKSUMS:
  Alamofire: 8edbab00802a752bb5240cc2abe70e7e881488ad
  Bolts: 20a2bd788273360cb1e31530dc19b8544eef2544
  Google: 875f5a8ade86dd02e36586e4a54814843938c7f6
  GoogleAnalytics: fcf1f1cad57ae1a9a53520018f0f680ceeeb8b49
  GoogleNetworkingUtilities: 292992ab31b7b4ba32809a0e8b40e324cdfb2c0c
  GoogleSymbolUtilities: a7b0feed1fe667c8d5e647177938d0ecd62d6948
  GoogleUtilities: e3475cd4d45134221d2f3f3626095a1c49b62041
  HTTPStatusCodes: e460c9dc5be0d9a0be0a4df9d7f210d2b8f22789
  libPhoneNumber-iOS: 1bccd3288375d954b0b904e26061cecaa0fb83d6
  Locksmith: 2c7bdc5c3a31a97d748791ad830310b1af4b8549
  NewRelicAgent: fea3ed94d4c363a5c94f811fd6eee3b6028128d0
  Parse: 17ad8e0677ed682f7f00503860fcda0f4eb74168
  Reachability: 33e18b67625424e47b6cde6d202dce689ad7af96
  SDWebImage: 1d2b1a1efda1ade1b00b6f8498865f8ddedc8a84
  SevenSwitch: 4ae92ffcad0ef93b38553b39a25e753c94eb7847
  SnapKit: 4962eed2ee18e48cbd2b2292fffc57efe7235f87
  SVProgressHUD: 748080e4f36e603f6c02aec292664239df5279c1
  SwiftyJSON: 8d6b61a70277ef2a5d710d372e06e7e2d87fb9e4
  TTTAttributedLabel: 0a2ac7b2dd726d32a070dafb01446026b11e624f

COCOAPODS: 0.39.0
